// !$*UTF8*$!
{
	archiveVersion = 1;
	classes = {
	};
	objectVersion = 50;
	objects = {

/* Begin PBXBuildFile section */
		62786EB8241881C800E4FEA0 /* AppDelegate.swift in Sources */ = {isa = PBXBuildFile; fileRef = 62786EB7241881C800E4FEA0 /* AppDelegate.swift */; };
		62786EBA241881C800E4FEA0 /* SceneDelegate.swift in Sources */ = {isa = PBXBuildFile; fileRef = 62786EB9241881C800E4FEA0 /* SceneDelegate.swift */; };
		62786EBC241881C800E4FEA0 /* ViewController.swift in Sources */ = {isa = PBXBuildFile; fileRef = 62786EBB241881C800E4FEA0 /* ViewController.swift */; };
		62786EBF241881C800E4FEA0 /* Main.storyboard in Resources */ = {isa = PBXBuildFile; fileRef = 62786EBD241881C800E4FEA0 /* Main.storyboard */; };
		62786EC1241881CA00E4FEA0 /* Assets.xcassets in Resources */ = {isa = PBXBuildFile; fileRef = 62786EC0241881CA00E4FEA0 /* Assets.xcassets */; };
		62786EC4241881CA00E4FEA0 /* LaunchScreen.storyboard in Resources */ = {isa = PBXBuildFile; fileRef = 62786EC2241881CA00E4FEA0 /* LaunchScreen.storyboard */; };
		62786ECF241881CA00E4FEA0 /* CameraReeTests.swift in Sources */ = {isa = PBXBuildFile; fileRef = 62786ECE241881CA00E4FEA0 /* CameraReeTests.swift */; };
		62786EDA241881CB00E4FEA0 /* CameraReeUITests.swift in Sources */ = {isa = PBXBuildFile; fileRef = 62786ED9241881CB00E4FEA0 /* CameraReeUITests.swift */; };
/* End PBXBuildFile section */

/* Begin PBXContainerItemProxy section */
		62786ECB241881CA00E4FEA0 /* PBXContainerItemProxy */ = {
			isa = PBXContainerItemProxy;
			containerPortal = 62786EAC241881C800E4FEA0 /* Project object */;
			proxyType = 1;
			remoteGlobalIDString = 62786EB3241881C800E4FEA0;
			remoteInfo = CameraRee;
		};
		62786ED6241881CA00E4FEA0 /* PBXContainerItemProxy */ = {
			isa = PBXContainerItemProxy;
			containerPortal = 62786EAC241881C800E4FEA0 /* Project object */;
			proxyType = 1;
			remoteGlobalIDString = 62786EB3241881C800E4FEA0;
			remoteInfo = CameraRee;
		};
/* End PBXContainerItemProxy section */

/* Begin PBXFileReference section */
		62786EB4241881C800E4FEA0 /* CameraRee.app */ = {isa = PBXFileReference; explicitFileType = wrapper.application; includeInIndex = 0; path = CameraRee.app; sourceTree = BUILT_PRODUCTS_DIR; };
		62786EB7241881C800E4FEA0 /* AppDelegate.swift */ = {isa = PBXFileReference; lastKnownFileType = sourcecode.swift; path = AppDelegate.swift; sourceTree = "<group>"; };
		62786EB9241881C800E4FEA0 /* SceneDelegate.swift */ = {isa = PBXFileReference; lastKnownFileType = sourcecode.swift; path = SceneDelegate.swift; sourceTree = "<group>"; };
		62786EBB241881C800E4FEA0 /* ViewController.swift */ = {isa = PBXFileReference; lastKnownFileType = sourcecode.swift; path = ViewController.swift; sourceTree = "<group>"; };
		62786EBE241881C800E4FEA0 /* Base */ = {isa = PBXFileReference; lastKnownFileType = file.storyboard; name = Base; path = Base.lproj/Main.storyboard; sourceTree = "<group>"; };
		62786EC0241881CA00E4FEA0 /* Assets.xcassets */ = {isa = PBXFileReference; lastKnownFileType = folder.assetcatalog; path = Assets.xcassets; sourceTree = "<group>"; };
		62786EC3241881CA00E4FEA0 /* Base */ = {isa = PBXFileReference; lastKnownFileType = file.storyboard; name = Base; path = Base.lproj/LaunchScreen.storyboard; sourceTree = "<group>"; };
		62786EC5241881CA00E4FEA0 /* Info.plist */ = {isa = PBXFileReference; lastKnownFileType = text.plist.xml; path = Info.plist; sourceTree = "<group>"; };
		62786ECA241881CA00E4FEA0 /* CameraReeTests.xctest */ = {isa = PBXFileReference; explicitFileType = wrapper.cfbundle; includeInIndex = 0; path = CameraReeTests.xctest; sourceTree = BUILT_PRODUCTS_DIR; };
		62786ECE241881CA00E4FEA0 /* CameraReeTests.swift */ = {isa = PBXFileReference; lastKnownFileType = sourcecode.swift; path = CameraReeTests.swift; sourceTree = "<group>"; };
		62786ED0241881CA00E4FEA0 /* Info.plist */ = {isa = PBXFileReference; lastKnownFileType = text.plist.xml; path = Info.plist; sourceTree = "<group>"; };
		62786ED5241881CA00E4FEA0 /* CameraReeUITests.xctest */ = {isa = PBXFileReference; explicitFileType = wrapper.cfbundle; includeInIndex = 0; path = CameraReeUITests.xctest; sourceTree = BUILT_PRODUCTS_DIR; };
		62786ED9241881CB00E4FEA0 /* CameraReeUITests.swift */ = {isa = PBXFileReference; lastKnownFileType = sourcecode.swift; path = CameraReeUITests.swift; sourceTree = "<group>"; };
		62786EDB241881CB00E4FEA0 /* Info.plist */ = {isa = PBXFileReference; lastKnownFileType = text.plist.xml; path = Info.plist; sourceTree = "<group>"; };
/* End PBXFileReference section */

/* Begin PBXFrameworksBuildPhase section */
		62786EB1241881C800E4FEA0 /* Frameworks */ = {
			isa = PBXFrameworksBuildPhase;
			buildActionMask = 2147483647;
			files = (
			);
			runOnlyForDeploymentPostprocessing = 0;
		};
		62786EC7241881CA00E4FEA0 /* Frameworks */ = {
			isa = PBXFrameworksBuildPhase;
			buildActionMask = 2147483647;
			files = (
			);
			runOnlyForDeploymentPostprocessing = 0;
		};
		62786ED2241881CA00E4FEA0 /* Frameworks */ = {
			isa = PBXFrameworksBuildPhase;
			buildActionMask = 2147483647;
			files = (
			);
			runOnlyForDeploymentPostprocessing = 0;
		};
/* End PBXFrameworksBuildPhase section */

/* Begin PBXGroup section */
		62786EAB241881C800E4FEA0 = {
			isa = PBXGroup;
			children = (
				62786EB6241881C800E4FEA0 /* CameraRee */,
				62786ECD241881CA00E4FEA0 /* CameraReeTests */,
				62786ED8241881CA00E4FEA0 /* CameraReeUITests */,
				62786EB5241881C800E4FEA0 /* Products */,
			);
			sourceTree = "<group>";
		};
		62786EB5241881C800E4FEA0 /* Products */ = {
			isa = PBXGroup;
			children = (
				62786EB4241881C800E4FEA0 /* CameraRee.app */,
				62786ECA241881CA00E4FEA0 /* CameraReeTests.xctest */,
				62786ED5241881CA00E4FEA0 /* CameraReeUITests.xctest */,
			);
			name = Products;
			sourceTree = "<group>";
		};
		62786EB6241881C800E4FEA0 /* CameraRee */ = {
			isa = PBXGroup;
			children = (
				62786EB7241881C800E4FEA0 /* AppDelegate.swift */,
				62786EB9241881C800E4FEA0 /* SceneDelegate.swift */,
				62786EBB241881C800E4FEA0 /* ViewController.swift */,
				62786EBD241881C800E4FEA0 /* Main.storyboard */,
				62786EC0241881CA00E4FEA0 /* Assets.xcassets */,
				62786EC2241881CA00E4FEA0 /* LaunchScreen.storyboard */,
				62786EC5241881CA00E4FEA0 /* Info.plist */,
			);
			path = CameraRee;
			sourceTree = "<group>";
		};
		62786ECD241881CA00E4FEA0 /* CameraReeTests */ = {
			isa = PBXGroup;
			children = (
				62786ECE241881CA00E4FEA0 /* CameraReeTests.swift */,
				62786ED0241881CA00E4FEA0 /* Info.plist */,
			);
			path = CameraReeTests;
			sourceTree = "<group>";
		};
		62786ED8241881CA00E4FEA0 /* CameraReeUITests */ = {
			isa = PBXGroup;
			children = (
				62786ED9241881CB00E4FEA0 /* CameraReeUITests.swift */,
				62786EDB241881CB00E4FEA0 /* Info.plist */,
			);
			path = CameraReeUITests;
			sourceTree = "<group>";
		};
/* End PBXGroup section */

/* Begin PBXNativeTarget section */
		62786EB3241881C800E4FEA0 /* CameraRee */ = {
			isa = PBXNativeTarget;
			buildConfigurationList = 62786EDE241881CB00E4FEA0 /* Build configuration list for PBXNativeTarget "CameraRee" */;
			buildPhases = (
				62786EB0241881C800E4FEA0 /* Sources */,
				62786EB1241881C800E4FEA0 /* Frameworks */,
				62786EB2241881C800E4FEA0 /* Resources */,
			);
			buildRules = (
			);
			dependencies = (
			);
			name = CameraRee;
			productName = CameraRee;
			productReference = 62786EB4241881C800E4FEA0 /* CameraRee.app */;
			productType = "com.apple.product-type.application";
		};
		62786EC9241881CA00E4FEA0 /* CameraReeTests */ = {
			isa = PBXNativeTarget;
			buildConfigurationList = 62786EE1241881CB00E4FEA0 /* Build configuration list for PBXNativeTarget "CameraReeTests" */;
			buildPhases = (
				62786EC6241881CA00E4FEA0 /* Sources */,
				62786EC7241881CA00E4FEA0 /* Frameworks */,
				62786EC8241881CA00E4FEA0 /* Resources */,
			);
			buildRules = (
			);
			dependencies = (
				62786ECC241881CA00E4FEA0 /* PBXTargetDependency */,
			);
			name = CameraReeTests;
			productName = CameraReeTests;
			productReference = 62786ECA241881CA00E4FEA0 /* CameraReeTests.xctest */;
			productType = "com.apple.product-type.bundle.unit-test";
		};
		62786ED4241881CA00E4FEA0 /* CameraReeUITests */ = {
			isa = PBXNativeTarget;
			buildConfigurationList = 62786EE4241881CB00E4FEA0 /* Build configuration list for PBXNativeTarget "CameraReeUITests" */;
			buildPhases = (
				62786ED1241881CA00E4FEA0 /* Sources */,
				62786ED2241881CA00E4FEA0 /* Frameworks */,
				62786ED3241881CA00E4FEA0 /* Resources */,
			);
			buildRules = (
			);
			dependencies = (
				62786ED7241881CA00E4FEA0 /* PBXTargetDependency */,
			);
			name = CameraReeUITests;
			productName = CameraReeUITests;
			productReference = 62786ED5241881CA00E4FEA0 /* CameraReeUITests.xctest */;
			productType = "com.apple.product-type.bundle.ui-testing";
		};
/* End PBXNativeTarget section */

/* Begin PBXProject section */
		62786EAC241881C800E4FEA0 /* Project object */ = {
			isa = PBXProject;
			attributes = {
				LastSwiftUpdateCheck = 1130;
				LastUpgradeCheck = 1130;
				ORGANIZATIONNAME = "Md Reshad Bin Harun";
				TargetAttributes = {
					62786EB3241881C800E4FEA0 = {
						CreatedOnToolsVersion = 11.3.1;
					};
					62786EC9241881CA00E4FEA0 = {
						CreatedOnToolsVersion = 11.3.1;
						TestTargetID = 62786EB3241881C800E4FEA0;
					};
					62786ED4241881CA00E4FEA0 = {
						CreatedOnToolsVersion = 11.3.1;
						TestTargetID = 62786EB3241881C800E4FEA0;
					};
				};
			};
			buildConfigurationList = 62786EAF241881C800E4FEA0 /* Build configuration list for PBXProject "CameraRee" */;
			compatibilityVersion = "Xcode 9.3";
			developmentRegion = en;
			hasScannedForEncodings = 0;
			knownRegions = (
				en,
				Base,
			);
			mainGroup = 62786EAB241881C800E4FEA0;
			productRefGroup = 62786EB5241881C800E4FEA0 /* Products */;
			projectDirPath = "";
			projectRoot = "";
			targets = (
				62786EB3241881C800E4FEA0 /* CameraRee */,
				62786EC9241881CA00E4FEA0 /* CameraReeTests */,
				62786ED4241881CA00E4FEA0 /* CameraReeUITests */,
			);
		};
/* End PBXProject section */

/* Begin PBXResourcesBuildPhase section */
		62786EB2241881C800E4FEA0 /* Resources */ = {
			isa = PBXResourcesBuildPhase;
			buildActionMask = 2147483647;
			files = (
				62786EC4241881CA00E4FEA0 /* LaunchScreen.storyboard in Resources */,
				62786EC1241881CA00E4FEA0 /* Assets.xcassets in Resources */,
				62786EBF241881C800E4FEA0 /* Main.storyboard in Resources */,
			);
			runOnlyForDeploymentPostprocessing = 0;
		};
		62786EC8241881CA00E4FEA0 /* Resources */ = {
			isa = PBXResourcesBuildPhase;
			buildActionMask = 2147483647;
			files = (
			);
			runOnlyForDeploymentPostprocessing = 0;
		};
		62786ED3241881CA00E4FEA0 /* Resources */ = {
			isa = PBXResourcesBuildPhase;
			buildActionMask = 2147483647;
			files = (
			);
			runOnlyForDeploymentPostprocessing = 0;
		};
/* End PBXResourcesBuildPhase section */

/* Begin PBXSourcesBuildPhase section */
		62786EB0241881C800E4FEA0 /* Sources */ = {
			isa = PBXSourcesBuildPhase;
			buildActionMask = 2147483647;
			files = (
				62786EBC241881C800E4FEA0 /* ViewController.swift in Sources */,
				62786EB8241881C800E4FEA0 /* AppDelegate.swift in Sources */,
				62786EBA241881C800E4FEA0 /* SceneDelegate.swift in Sources */,
			);
			runOnlyForDeploymentPostprocessing = 0;
		};
		62786EC6241881CA00E4FEA0 /* Sources */ = {
			isa = PBXSourcesBuildPhase;
			buildActionMask = 2147483647;
			files = (
				62786ECF241881CA00E4FEA0 /* CameraReeTests.swift in Sources */,
			);
			runOnlyForDeploymentPostprocessing = 0;
		};
		62786ED1241881CA00E4FEA0 /* Sources */ = {
			isa = PBXSourcesBuildPhase;
			buildActionMask = 2147483647;
			files = (
				62786EDA241881CB00E4FEA0 /* CameraReeUITests.swift in Sources */,
			);
			runOnlyForDeploymentPostprocessing = 0;
		};
/* End PBXSourcesBuildPhase section */

/* Begin PBXTargetDependency section */
		62786ECC241881CA00E4FEA0 /* PBXTargetDependency */ = {
			isa = PBXTargetDependency;
			target = 62786EB3241881C800E4FEA0 /* CameraRee */;
			targetProxy = 62786ECB241881CA00E4FEA0 /* PBXContainerItemProxy */;
		};
		62786ED7241881CA00E4FEA0 /* PBXTargetDependency */ = {
			isa = PBXTargetDependency;
			target = 62786EB3241881C800E4FEA0 /* CameraRee */;
			targetProxy = 62786ED6241881CA00E4FEA0 /* PBXContainerItemProxy */;
		};
/* End PBXTargetDependency section */

/* Begin PBXVariantGroup section */
		62786EBD241881C800E4FEA0 /* Main.storyboard */ = {
			isa = PBXVariantGroup;
			children = (
				62786EBE241881C800E4FEA0 /* Base */,
			);
			name = Main.storyboard;
			sourceTree = "<group>";
		};
		62786EC2241881CA00E4FEA0 /* LaunchScreen.storyboard */ = {
			isa = PBXVariantGroup;
			children = (
				62786EC3241881CA00E4FEA0 /* Base */,
			);
			name = LaunchScreen.storyboard;
			sourceTree = "<group>";
		};
/* End PBXVariantGroup section */

/* Begin XCBuildConfiguration section */
		62786EDC241881CB00E4FEA0 /* Debug */ = {
			isa = XCBuildConfiguration;
			buildSettings = {
				ALWAYS_SEARCH_USER_PATHS = NO;
				CLANG_ANALYZER_NONNULL = YES;
				CLANG_ANALYZER_NUMBER_OBJECT_CONVERSION = YES_AGGRESSIVE;
				CLANG_CXX_LANGUAGE_STANDARD = "gnu++14";
				CLANG_CXX_LIBRARY = "libc++";
				CLANG_ENABLE_MODULES = YES;
				CLANG_ENABLE_OBJC_ARC = YES;
				CLANG_ENABLE_OBJC_WEAK = YES;
				CLANG_WARN_BLOCK_CAPTURE_AUTORELEASING = YES;
				CLANG_WARN_BOOL_CONVERSION = YES;
				CLANG_WARN_COMMA = YES;
				CLANG_WARN_CONSTANT_CONVERSION = YES;
				CLANG_WARN_DEPRECATED_OBJC_IMPLEMENTATIONS = YES;
				CLANG_WARN_DIRECT_OBJC_ISA_USAGE = YES_ERROR;
				CLANG_WARN_DOCUMENTATION_COMMENTS = YES;
				CLANG_WARN_EMPTY_BODY = YES;
				CLANG_WARN_ENUM_CONVERSION = YES;
				CLANG_WARN_INFINITE_RECURSION = YES;
				CLANG_WARN_INT_CONVERSION = YES;
				CLANG_WARN_NON_LITERAL_NULL_CONVERSION = YES;
				CLANG_WARN_OBJC_IMPLICIT_RETAIN_SELF = YES;
				CLANG_WARN_OBJC_LITERAL_CONVERSION = YES;
				CLANG_WARN_OBJC_ROOT_CLASS = YES_ERROR;
				CLANG_WARN_RANGE_LOOP_ANALYSIS = YES;
				CLANG_WARN_STRICT_PROTOTYPES = YES;
				CLANG_WARN_SUSPICIOUS_MOVE = YES;
				CLANG_WARN_UNGUARDED_AVAILABILITY = YES_AGGRESSIVE;
				CLANG_WARN_UNREACHABLE_CODE = YES;
				CLANG_WARN__DUPLICATE_METHOD_MATCH = YES;
				COPY_PHASE_STRIP = NO;
				DEBUG_INFORMATION_FORMAT = dwarf;
				ENABLE_STRICT_OBJC_MSGSEND = YES;
				ENABLE_TESTABILITY = YES;
				GCC_C_LANGUAGE_STANDARD = gnu11;
				GCC_DYNAMIC_NO_PIC = NO;
				GCC_NO_COMMON_BLOCKS = YES;
				GCC_OPTIMIZATION_LEVEL = 0;
				GCC_PREPROCESSOR_DEFINITIONS = (
					"DEBUG=1",
					"$(inherited)",
				);
				GCC_WARN_64_TO_32_BIT_CONVERSION = YES;
				GCC_WARN_ABOUT_RETURN_TYPE = YES_ERROR;
				GCC_WARN_UNDECLARED_SELECTOR = YES;
				GCC_WARN_UNINITIALIZED_AUTOS = YES_AGGRESSIVE;
				GCC_WARN_UNUSED_FUNCTION = YES;
				GCC_WARN_UNUSED_VARIABLE = YES;
				IPHONEOS_DEPLOYMENT_TARGET = 13.2;
				MTL_ENABLE_DEBUG_INFO = INCLUDE_SOURCE;
				MTL_FAST_MATH = YES;
				ONLY_ACTIVE_ARCH = YES;
				SDKROOT = iphoneos;
				SWIFT_ACTIVE_COMPILATION_CONDITIONS = DEBUG;
				SWIFT_OPTIMIZATION_LEVEL = "-Onone";
			};
			name = Debug;
		};
		62786EDD241881CB00E4FEA0 /* Release */ = {
			isa = XCBuildConfiguration;
			buildSettings = {
				ALWAYS_SEARCH_USER_PATHS = NO;
				CLANG_ANALYZER_NONNULL = YES;
				CLANG_ANALYZER_NUMBER_OBJECT_CONVERSION = YES_AGGRESSIVE;
				CLANG_CXX_LANGUAGE_STANDARD = "gnu++14";
				CLANG_CXX_LIBRARY = "libc++";
				CLANG_ENABLE_MODULES = YES;
				CLANG_ENABLE_OBJC_ARC = YES;
				CLANG_ENABLE_OBJC_WEAK = YES;
				CLANG_WARN_BLOCK_CAPTURE_AUTORELEASING = YES;
				CLANG_WARN_BOOL_CONVERSION = YES;
				CLANG_WARN_COMMA = YES;
				CLANG_WARN_CONSTANT_CONVERSION = YES;
				CLANG_WARN_DEPRECATED_OBJC_IMPLEMENTATIONS = YES;
				CLANG_WARN_DIRECT_OBJC_ISA_USAGE = YES_ERROR;
				CLANG_WARN_DOCUMENTATION_COMMENTS = YES;
				CLANG_WARN_EMPTY_BODY = YES;
				CLANG_WARN_ENUM_CONVERSION = YES;
				CLANG_WARN_INFINITE_RECURSION = YES;
				CLANG_WARN_INT_CONVERSION = YES;
				CLANG_WARN_NON_LITERAL_NULL_CONVERSION = YES;
				CLANG_WARN_OBJC_IMPLICIT_RETAIN_SELF = YES;
				CLANG_WARN_OBJC_LITERAL_CONVERSION = YES;
				CLANG_WARN_OBJC_ROOT_CLASS = YES_ERROR;
				CLANG_WARN_RANGE_LOOP_ANALYSIS = YES;
				CLANG_WARN_STRICT_PROTOTYPES = YES;
				CLANG_WARN_SUSPICIOUS_MOVE = YES;
				CLANG_WARN_UNGUARDED_AVAILABILITY = YES_AGGRESSIVE;
				CLANG_WARN_UNREACHABLE_CODE = YES;
				CLANG_WARN__DUPLICATE_METHOD_MATCH = YES;
				COPY_PHASE_STRIP = NO;
				DEBUG_INFORMATION_FORMAT = "dwarf-with-dsym";
				ENABLE_NS_ASSERTIONS = NO;
				ENABLE_STRICT_OBJC_MSGSEND = YES;
				GCC_C_LANGUAGE_STANDARD = gnu11;
				GCC_NO_COMMON_BLOCKS = YES;
				GCC_WARN_64_TO_32_BIT_CONVERSION = YES;
				GCC_WARN_ABOUT_RETURN_TYPE = YES_ERROR;
				GCC_WARN_UNDECLARED_SELECTOR = YES;
				GCC_WARN_UNINITIALIZED_AUTOS = YES_AGGRESSIVE;
				GCC_WARN_UNUSED_FUNCTION = YES;
				GCC_WARN_UNUSED_VARIABLE = YES;
				IPHONEOS_DEPLOYMENT_TARGET = 13.2;
				MTL_ENABLE_DEBUG_INFO = NO;
				MTL_FAST_MATH = YES;
				SDKROOT = iphoneos;
				SWIFT_COMPILATION_MODE = wholemodule;
				SWIFT_OPTIMIZATION_LEVEL = "-O";
				VALIDATE_PRODUCT = YES;
			};
			name = Release;
		};
		62786EDF241881CB00E4FEA0 /* Debug */ = {
			isa = XCBuildConfiguration;
			buildSettings = {
				ASSETCATALOG_COMPILER_APPICON_NAME = AppIcon;
				CODE_SIGN_STYLE = Automatic;
				INFOPLIST_FILE = CameraRee/Info.plist;
				LD_RUNPATH_SEARCH_PATHS = (
					"$(inherited)",
					"@executable_path/Frameworks",
				);
				PRODUCT_BUNDLE_IDENTIFIER = Personal.CameraRee;
				PRODUCT_NAME = "$(TARGET_NAME)";
				SWIFT_VERSION = 5.0;
				TARGETED_DEVICE_FAMILY = "1,2";
			};
			name = Debug;
		};
		62786EE0241881CB00E4FEA0 /* Release */ = {
			isa = XCBuildConfiguration;
			buildSettings = {
				ASSETCATALOG_COMPILER_APPICON_NAME = AppIcon;
				CODE_SIGN_STYLE = Automatic;
				INFOPLIST_FILE = CameraRee/Info.plist;
				LD_RUNPATH_SEARCH_PATHS = (
					"$(inherited)",
					"@executable_path/Frameworks",
				);
				PRODUCT_BUNDLE_IDENTIFIER = Personal.CameraRee;
				PRODUCT_NAME = "$(TARGET_NAME)";
				SWIFT_VERSION = 5.0;
				TARGETED_DEVICE_FAMILY = "1,2";
			};
			name = Release;
		};
		62786EE2241881CB00E4FEA0 /* Debug */ = {
			isa = XCBuildConfiguration;
			buildSettings = {
				ALWAYS_EMBED_SWIFT_STANDARD_LIBRARIES = YES;
				BUNDLE_LOADER = "$(TEST_HOST)";
				CODE_SIGN_STYLE = Automatic;
				INFOPLIST_FILE = CameraReeTests/Info.plist;
				IPHONEOS_DEPLOYMENT_TARGET = 13.2;
				LD_RUNPATH_SEARCH_PATHS = (
					"$(inherited)",
					"@executable_path/Frameworks",
					"@loader_path/Frameworks",
				);
				PRODUCT_BUNDLE_IDENTIFIER = Personal.CameraReeTests;
				PRODUCT_NAME = "$(TARGET_NAME)";
				SWIFT_VERSION = 5.0;
				TARGETED_DEVICE_FAMILY = "1,2";
				TEST_HOST = "$(BUILT_PRODUCTS_DIR)/CameraRee.app/CameraRee";
			};
			name = Debug;
		};
		62786EE3241881CB00E4FEA0 /* Release */ = {
			isa = XCBuildConfiguration;
			buildSettings = {
				ALWAYS_EMBED_SWIFT_STANDARD_LIBRARIES = YES;
				BUNDLE_LOADER = "$(TEST_HOST)";
				CODE_SIGN_STYLE = Automatic;
				INFOPLIST_FILE = CameraReeTests/Info.plist;
				IPHONEOS_DEPLOYMENT_TARGET = 13.2;
				LD_RUNPATH_SEARCH_PATHS = (
					"$(inherited)",
					"@executable_path/Frameworks",
					"@loader_path/Frameworks",
				);
				PRODUCT_BUNDLE_IDENTIFIER = Personal.CameraReeTests;
				PRODUCT_NAME = "$(TARGET_NAME)";
				SWIFT_VERSION = 5.0;
				TARGETED_DEVICE_FAMILY = "1,2";
				TEST_HOST = "$(BUILT_PRODUCTS_DIR)/CameraRee.app/CameraRee";
			};
			name = Release;
		};
		62786EE5241881CB00E4FEA0 /* Debug */ = {
			isa = XCBuildConfiguration;
			buildSettings = {
				ALWAYS_EMBED_SWIFT_STANDARD_LIBRARIES = YES;
				CODE_SIGN_STYLE = Automatic;
				INFOPLIST_FILE = CameraReeUITests/Info.plist;
				LD_RUNPATH_SEARCH_PATHS = (
					"$(inherited)",
					"@executable_path/Frameworks",
					"@loader_path/Frameworks",
				);
				PRODUCT_BUNDLE_IDENTIFIER = Personal.CameraReeUITests;
				PRODUCT_NAME = "$(TARGET_NAME)";
				SWIFT_VERSION = 5.0;
				TARGETED_DEVICE_FAMILY = "1,2";
				TEST_TARGET_NAME = CameraRee;
			};
			name = Debug;
		};
		62786EE6241881CB00E4FEA0 /* Release */ = {
			isa = XCBuildConfiguration;
			buildSettings = {
				ALWAYS_EMBED_SWIFT_STANDARD_LIBRARIES = YES;
				CODE_SIGN_STYLE = Automatic;
				INFOPLIST_FILE = CameraReeUITests/Info.plist;
				LD_RUNPATH_SEARCH_PATHS = (
					"$(inherited)",
					"@executable_path/Frameworks",
					"@loader_path/Frameworks",
				);
				PRODUCT_BUNDLE_IDENTIFIER = Personal.CameraReeUITests;
				PRODUCT_NAME = "$(TARGET_NAME)";
				SWIFT_VERSION = 5.0;
				TARGETED_DEVICE_FAMILY = "1,2";
				TEST_TARGET_NAME = CameraRee;
			};
			name = Release;
		};
/* End XCBuildConfiguration section */

/* Begin XCConfigurationList section */
		62786EAF241881C800E4FEA0 /* Build configuration list for PBXProject "CameraRee" */ = {
			isa = XCConfigurationList;
			buildConfigurations = (
				62786EDC241881CB00E4FEA0 /* Debug */,
				62786EDD241881CB00E4FEA0 /* Release */,
			);
			defaultConfigurationIsVisible = 0;
			defaultConfigurationName = Release;
		};
		62786EDE241881CB00E4FEA0 /* Build configuration list for PBXNativeTarget "CameraRee" */ = {
			isa = XCConfigurationList;
			buildConfigurations = (
				62786EDF241881CB00E4FEA0 /* Debug */,
				62786EE0241881CB00E4FEA0 /* Release */,
			);
			defaultConfigurationIsVisible = 0;
			defaultConfigurationName = Release;
		};
		62786EE1241881CB00E4FEA0 /* Build configuration list for PBXNativeTarget "CameraReeTests" */ = {
			isa = XCConfigurationList;
			buildConfigurations = (
				62786EE2241881CB00E4FEA0 /* Debug */,
				62786EE3241881CB00E4FEA0 /* Release */,
			);
			defaultConfigurationIsVisible = 0;
			defaultConfigurationName = Release;
		};
		62786EE4241881CB00E4FEA0 /* Build configuration list for PBXNativeTarget "CameraReeUITests" */ = {
			isa = XCConfigurationList;
			buildConfigurations = (
				62786EE5241881CB00E4FEA0 /* Debug */,
				62786EE6241881CB00E4FEA0 /* Release */,
			);
			defaultConfigurationIsVisible = 0;
			defaultConfigurationName = Release;
		};
/* End XCConfigurationList section */
	};
	rootObject = 62786EAC241881C800E4FEA0 /* Project object */;
}
